
Microsoft Visual Studio Solution File, Format Version 12.00
# Visual Studio Version 16
VisualStudioVersion = 16.0.30413.136
MinimumVisualStudioVersion = 10.0.40219.1
Project("{9A19103F-16F7-4668-BE54-9A1E7A4F7556}") = "Innovative.DateInterval", "Innovative.DateInterval\Innovative.DateInterval.csproj", "{7567017F-D7EC-481F-92D7-A5D65C219A55}"
EndProject
Project("{9A19103F-16F7-4668-BE54-9A1E7A4F7556}") = "Innovative.Holiday", "Innovative.Holiday\Innovative.Holiday.csproj", "{311D1606-C745-4F20-A701-948851C8D74F}"
EndProject
Project("{9A19103F-16F7-4668-BE54-9A1E7A4F7556}") = "Example", "Example\Example.csproj", "{68550427-5DA3-4900-85D6-DBD766BD9D59}"
EndProject
Project("{9A19103F-16F7-4668-BE54-9A1E7A4F7556}") = "Innovative.Holiday.Us.Federal", "Innovative.Holiday.Us.Federal\Innovative.Holiday.Us.Federal.csproj", "{3CD9B0D9-3264-471D-81AC-12C4AD509CED}"
EndProject
Project("{9A19103F-16F7-4668-BE54-9A1E7A4F7556}") = "Innovative.Holiday.Us.Other", "Innovative.Holiday.Us.Other\Innovative.Holiday.Us.Other.csproj", "{56212D53-F519-4CED-B76E-56BEEE20AF26}"
EndProject
Project("{9A19103F-16F7-4668-BE54-9A1E7A4F7556}") = "Innovative.SystemTime", "Innovative.SystemTime\Innovative.SystemTime.csproj", "{5E9AC9F9-8476-47FA-B2D9-8A2500E485DC}"
EndProject
Project("{9A19103F-16F7-4668-BE54-9A1E7A4F7556}") = "Innovative.Holiday.Relgious.Christian", "Innovative.Holiday.Relgious.Christian\Innovative.Holiday.Relgious.Christian.csproj", "{CF145431-A735-4DA5-A6B5-28A8E30AAEC9}"
EndProject
Project("{9A19103F-16F7-4668-BE54-9A1E7A4F7556}") = "Innovative.Holiday.Dst", "Innovative.Holiday.Dst\Innovative.Holiday.Dst.csproj", "{573C9D9D-2472-4FE9-AD43-A46BE1603D1F}"
EndProject
Project("{9A19103F-16F7-4668-BE54-9A1E7A4F7556}") = "Innovative.Holiday.Seasons", "Innovative.Holiday.Seasons\Innovative.Holiday.Seasons.csproj", "{360D31B4-5F87-43C6-80D1-ABB16E10FEA9}"
EndProject
Project("{FAE04EC0-301F-11D3-BF4B-00C04F79EFBC}") = "Innovative.Holiday.Tests", "Innovative.Holiday.Tests\Innovative.Holiday.Tests.csproj", "{CDB63739-FD1C-4CC6-8836-0C8880D74E55}"
EndProject
Project("{2150E333-8FDC-42A3-9474-1A3956D46DE8}") = "Tests", "Tests", "{0976512C-8CBA-43DD-ACA6-78F03FA50550}"
EndProject
Project("{FAE04EC0-301F-11D3-BF4B-00C04F79EFBC}") = "Innovative.Holiday.Us.Federal.Tests", "Innovative.Holiday.Us.Federal.Tests\Innovative.Holiday.Us.Federal.Tests.csproj", "{C3DAB172-D0B9-404C-8F9E-6862171404EF}"
EndProject
Global
	GlobalSection(SolutionConfigurationPlatforms) = preSolution
		Debug|Any CPU = Debug|Any CPU
		Release|Any CPU = Release|Any CPU
	EndGlobalSection
	GlobalSection(ProjectConfigurationPlatforms) = postSolution
		{7567017F-D7EC-481F-92D7-A5D65C219A55}.Debug|Any CPU.ActiveCfg = Debug|Any CPU
		{7567017F-D7EC-481F-92D7-A5D65C219A55}.Debug|Any CPU.Build.0 = Debug|Any CPU
		{7567017F-D7EC-481F-92D7-A5D65C219A55}.Release|Any CPU.ActiveCfg = Release|Any CPU
		{7567017F-D7EC-481F-92D7-A5D65C219A55}.Release|Any CPU.Build.0 = Release|Any CPU
		{311D1606-C745-4F20-A701-948851C8D74F}.Debug|Any CPU.ActiveCfg = Debug|Any CPU
		{311D1606-C745-4F20-A701-948851C8D74F}.Debug|Any CPU.Build.0 = Debug|Any CPU
		{311D1606-C745-4F20-A701-948851C8D74F}.Release|Any CPU.ActiveCfg = Release|Any CPU
		{311D1606-C745-4F20-A701-948851C8D74F}.Release|Any CPU.Build.0 = Release|Any CPU
		{68550427-5DA3-4900-85D6-DBD766BD9D59}.Debug|Any CPU.ActiveCfg = Debug|Any CPU
		{68550427-5DA3-4900-85D6-DBD766BD9D59}.Debug|Any CPU.Build.0 = Debug|Any CPU
		{68550427-5DA3-4900-85D6-DBD766BD9D59}.Release|Any CPU.ActiveCfg = Release|Any CPU
		{68550427-5DA3-4900-85D6-DBD766BD9D59}.Release|Any CPU.Build.0 = Release|Any CPU
		{3CD9B0D9-3264-471D-81AC-12C4AD509CED}.Debug|Any CPU.ActiveCfg = Debug|Any CPU
		{3CD9B0D9-3264-471D-81AC-12C4AD509CED}.Debug|Any CPU.Build.0 = Debug|Any CPU
		{3CD9B0D9-3264-471D-81AC-12C4AD509CED}.Release|Any CPU.ActiveCfg = Release|Any CPU
		{3CD9B0D9-3264-471D-81AC-12C4AD509CED}.Release|Any CPU.Build.0 = Release|Any CPU
		{56212D53-F519-4CED-B76E-56BEEE20AF26}.Debug|Any CPU.ActiveCfg = Debug|Any CPU
		{56212D53-F519-4CED-B76E-56BEEE20AF26}.Debug|Any CPU.Build.0 = Debug|Any CPU
		{56212D53-F519-4CED-B76E-56BEEE20AF26}.Release|Any CPU.ActiveCfg = Release|Any CPU
		{56212D53-F519-4CED-B76E-56BEEE20AF26}.Release|Any CPU.Build.0 = Release|Any CPU
		{5E9AC9F9-8476-47FA-B2D9-8A2500E485DC}.Debug|Any CPU.ActiveCfg = Debug|Any CPU
		{5E9AC9F9-8476-47FA-B2D9-8A2500E485DC}.Debug|Any CPU.Build.0 = Debug|Any CPU
		{5E9AC9F9-8476-47FA-B2D9-8A2500E485DC}.Release|Any CPU.ActiveCfg = Release|Any CPU
		{5E9AC9F9-8476-47FA-B2D9-8A2500E485DC}.Release|Any CPU.Build.0 = Release|Any CPU
		{CF145431-A735-4DA5-A6B5-28A8E30AAEC9}.Debug|Any CPU.ActiveCfg = Debug|Any CPU
		{CF145431-A735-4DA5-A6B5-28A8E30AAEC9}.Debug|Any CPU.Build.0 = Debug|Any CPU
		{CF145431-A735-4DA5-A6B5-28A8E30AAEC9}.Release|Any CPU.ActiveCfg = Release|Any CPU
		{CF145431-A735-4DA5-A6B5-28A8E30AAEC9}.Release|Any CPU.Build.0 = Release|Any CPU
		{573C9D9D-2472-4FE9-AD43-A46BE1603D1F}.Debug|Any CPU.ActiveCfg = Debug|Any CPU
		{573C9D9D-2472-4FE9-AD43-A46BE1603D1F}.Debug|Any CPU.Build.0 = Debug|Any CPU
		{573C9D9D-2472-4FE9-AD43-A46BE1603D1F}.Release|Any CPU.ActiveCfg = Release|Any CPU
		{573C9D9D-2472-4FE9-AD43-A46BE1603D1F}.Release|Any CPU.Build.0 = Release|Any CPU
		{360D31B4-5F87-43C6-80D1-ABB16E10FEA9}.Debug|Any CPU.ActiveCfg = Debug|Any CPU
		{360D31B4-5F87-43C6-80D1-ABB16E10FEA9}.Debug|Any CPU.Build.0 = Debug|Any CPU
		{360D31B4-5F87-43C6-80D1-ABB16E10FEA9}.Release|Any CPU.ActiveCfg = Release|Any CPU
		{360D31B4-5F87-43C6-80D1-ABB16E10FEA9}.Release|Any CPU.Build.0 = Release|Any CPU
		{CDB63739-FD1C-4CC6-8836-0C8880D74E55}.Debug|Any CPU.ActiveCfg = Debug|Any CPU
		{CDB63739-FD1C-4CC6-8836-0C8880D74E55}.Debug|Any CPU.Build.0 = Debug|Any CPU
		{CDB63739-FD1C-4CC6-8836-0C8880D74E55}.Release|Any CPU.ActiveCfg = Release|Any CPU
		{CDB63739-FD1C-4CC6-8836-0C8880D74E55}.Release|Any CPU.Build.0 = Release|Any CPU
		{C3DAB172-D0B9-404C-8F9E-6862171404EF}.Debug|Any CPU.ActiveCfg = Debug|Any CPU
		{C3DAB172-D0B9-404C-8F9E-6862171404EF}.Debug|Any CPU.Build.0 = Debug|Any CPU
		{C3DAB172-D0B9-404C-8F9E-6862171404EF}.Release|Any CPU.ActiveCfg = Release|Any CPU
		{C3DAB172-D0B9-404C-8F9E-6862171404EF}.Release|Any CPU.Build.0 = Release|Any CPU
	EndGlobalSection
	GlobalSection(SolutionProperties) = preSolution
		HideSolutionNode = FALSE
	EndGlobalSection
	GlobalSection(NestedProjects) = preSolution
		{CDB63739-FD1C-4CC6-8836-0C8880D74E55} = {0976512C-8CBA-43DD-ACA6-78F03FA50550}
		{C3DAB172-D0B9-404C-8F9E-6862171404EF} = {0976512C-8CBA-43DD-ACA6-78F03FA50550}
	EndGlobalSection
	GlobalSection(ExtensibilityGlobals) = postSolution
		SolutionGuid = {E2CDBFE6-FE0F-48E2-96EC-650CFC482814}
	EndGlobalSection
EndGlobal
